
Microsoft Visual Studio Solution File, Format Version 12.00
# Visual Studio Version 16
VisualStudioVersion = 16.0.30128.74
MinimumVisualStudioVersion = 10.0.40219.1
Project("{FAE04EC0-301F-11D3-BF4B-00C04F79EFBC}") = "MicrosoftTeamsPlugin", "MicrosoftTeamsPlugin\MicrosoftTeamsPlugin.csproj", "{9C298A22-2DCD-4451-9C93-651A7A940247}"
EndProject
Global
	GlobalSection(SolutionConfigurationPlatforms) = preSolution
		Debug|Any CPU = Debug|Any CPU
		Release|Any CPU = Release|Any CPU
	EndGlobalSection
	GlobalSection(ProjectConfigurationPlatforms) = postSolution
		{9C298A22-2DCD-4451-9C93-651A7A940247}.Debug|Any CPU.ActiveCfg = Debug|Any CPU
		{9C298A22-2DCD-4451-9C93-651A7A940247}.Debug|Any CPU.Build.0 = Debug|Any CPU
		{9C298A22-2DCD-4451-9C93-651A7A940247}.Release|Any CPU.ActiveCfg = Release|Any CPU
		{9C298A22-2DCD-4451-9C93-651A7A940247}.Release|Any CPU.Build.0 = Release|Any CPU
	EndGlobalSection
	GlobalSection(SolutionProperties) = preSolution
		HideSolutionNode = FALSE
	EndGlobalSection
	GlobalSection(ExtensibilityGlobals) = postSolution
		SolutionGuid = {86646BA2-FCDF-47EC-ABB7-39D2267D0017}
	EndGlobalSection
EndGlobal
